Microsoft Visual Studio Solution File, Format Version 9.00
# Visual Studio 2005
Project("{FAE04EC0-301F-11D3-BF4B-00C04F79EFBC}") = "LoopyBP", "LoopyBP.csproj", "{C7F06E68-94A8-4CB7-8891-BC1688BD14A2}"
EndProject
Project("{FAE04EC0-301F-11D3-BF4B-00C04F79EFBC}") = "MIT_LBP", "..\MIT_LBP\MIT_LBP.NET\MIT_LBP.csproj", "{FFD5530C-DCDE-415D-81CF-6DDDDFF02D13}"
EndProject
Global
	GlobalSection(SolutionConfigurationPlatforms) = preSolution
		Debug|Any CPU = Debug|Any CPU
		Release|Any CPU = Release|Any CPU
	EndGlobalSection
	GlobalSection(ProjectConfigurationPlatforms) = postSolution
		{C7F06E68-94A8-4CB7-8891-BC1688BD14A2}.Debug|Any CPU.ActiveCfg = Debug|Any CPU
		{C7F06E68-94A8-4CB7-8891-BC1688BD14A2}.Debug|Any CPU.Build.0 = Debug|Any CPU
		{C7F06E68-94A8-4CB7-8891-BC1688BD14A2}.Release|Any CPU.ActiveCfg = Release|Any CPU
		{C7F06E68-94A8-4CB7-8891-BC1688BD14A2}.Release|Any CPU.Build.0 = Release|Any CPU
		{FFD5530C-DCDE-415D-81CF-6DDDDFF02D13}.Debug|Any CPU.ActiveCfg = Debug|Any CPU
		{FFD5530C-DCDE-415D-81CF-6DDDDFF02D13}.Debug|Any CPU.Build.0 = Debug|Any CPU
		{FFD5530C-DCDE-415D-81CF-6DDDDFF02D13}.Release|Any CPU.ActiveCfg = Release|Any CPU
		{FFD5530C-DCDE-415D-81CF-6DDDDFF02D13}.Release|Any CPU.Build.0 = Release|Any CPU
	EndGlobalSection
	GlobalSection(SolutionProperties) = preSolution
		HideSolutionNode = FALSE
	EndGlobalSection
EndGlobal
