Microsoft Visual Studio Solution File, Format Version 9.00
# Visual Studio 2005
Project("{FAE04EC0-301F-11D3-BF4B-00C04F79EFBC}") = "IOTrain", "IOTrain.csproj", "{C99761B9-5971-4A15-8E6E-2466A1BAED9F}"
EndProject
Project("{FAE04EC0-301F-11D3-BF4B-00C04F79EFBC}") = "ConverterXML", "..\..\Util\ConverterXML\ConverterXML.csproj", "{165389E7-414D-49BB-B958-4B521AA1D452}"
EndProject
Project("{FAE04EC0-301F-11D3-BF4B-00C04F79EFBC}") = "Sketch", "..\..\Util\Sketch\Sketch.csproj", "{84AE0BC9-B169-4B44-B320-4825D027BD2C}"
EndProject
Project("{FAE04EC0-301F-11D3-BF4B-00C04F79EFBC}") = "NeuralNets", "..\NeuralNet\NeuralNets\NeuralNets.csproj", "{8216E3F6-DC1C-456E-AEE0-43FB5FBA6A5D}"
EndProject
Global
	GlobalSection(SolutionConfigurationPlatforms) = preSolution
		Debug|Any CPU = Debug|Any CPU
		Release|Any CPU = Release|Any CPU
	EndGlobalSection
	GlobalSection(ProjectConfigurationPlatforms) = postSolution
		{C99761B9-5971-4A15-8E6E-2466A1BAED9F}.Debug|Any CPU.ActiveCfg = Debug|Any CPU
		{C99761B9-5971-4A15-8E6E-2466A1BAED9F}.Debug|Any CPU.Build.0 = Debug|Any CPU
		{C99761B9-5971-4A15-8E6E-2466A1BAED9F}.Release|Any CPU.ActiveCfg = Release|Any CPU
		{C99761B9-5971-4A15-8E6E-2466A1BAED9F}.Release|Any CPU.Build.0 = Release|Any CPU
		{165389E7-414D-49BB-B958-4B521AA1D452}.Debug|Any CPU.ActiveCfg = Debug|Any CPU
		{165389E7-414D-49BB-B958-4B521AA1D452}.Debug|Any CPU.Build.0 = Debug|Any CPU
		{165389E7-414D-49BB-B958-4B521AA1D452}.Release|Any CPU.ActiveCfg = Release|Any CPU
		{165389E7-414D-49BB-B958-4B521AA1D452}.Release|Any CPU.Build.0 = Release|Any CPU
		{84AE0BC9-B169-4B44-B320-4825D027BD2C}.Debug|Any CPU.ActiveCfg = Debug|Any CPU
		{84AE0BC9-B169-4B44-B320-4825D027BD2C}.Debug|Any CPU.Build.0 = Debug|Any CPU
		{84AE0BC9-B169-4B44-B320-4825D027BD2C}.Release|Any CPU.ActiveCfg = Release|Any CPU
		{84AE0BC9-B169-4B44-B320-4825D027BD2C}.Release|Any CPU.Build.0 = Release|Any CPU
		{8216E3F6-DC1C-456E-AEE0-43FB5FBA6A5D}.Debug|Any CPU.ActiveCfg = Debug|Any CPU
		{8216E3F6-DC1C-456E-AEE0-43FB5FBA6A5D}.Debug|Any CPU.Build.0 = Debug|Any CPU
		{8216E3F6-DC1C-456E-AEE0-43FB5FBA6A5D}.Release|Any CPU.ActiveCfg = Release|Any CPU
		{8216E3F6-DC1C-456E-AEE0-43FB5FBA6A5D}.Release|Any CPU.Build.0 = Release|Any CPU
	EndGlobalSection
	GlobalSection(SolutionProperties) = preSolution
		HideSolutionNode = FALSE
	EndGlobalSection
EndGlobal
